
Microsoft Visual Studio Solution File, Format Version 12.00
# Visual Studio Version 17
VisualStudioVersion = 17.8.34525.116
MinimumVisualStudioVersion = 10.0.40219.1
Project("{9A19103F-16F7-4668-BE54-9A1E7A4F7556}") = "StudentPerformanceTracker", "StudentPerformanceTracker\StudentPerformanceTracker.csproj", "{6307D98E-7A57-4B11-AAC8-F4F0ACB2561B}"
EndProject
Global
	GlobalSection(SolutionConfigurationPlatforms) = preSolution
		Debug|Any CPU = Debug|Any CPU
		Release|Any CPU = Release|Any CPU
	EndGlobalSection
	GlobalSection(ProjectConfigurationPlatforms) = postSolution
		{6307D98E-7A57-4B11-AAC8-F4F0ACB2561B}.Debug|Any CPU.ActiveCfg = Debug|Any CPU
		{6307D98E-7A57-4B11-AAC8-F4F0ACB2561B}.Debug|Any CPU.Build.0 = Debug|Any CPU
		{6307D98E-7A57-4B11-AAC8-F4F0ACB2561B}.Release|Any CPU.ActiveCfg = Release|Any CPU
		{6307D98E-7A57-4B11-AAC8-F4F0ACB2561B}.Release|Any CPU.Build.0 = Release|Any CPU
	EndGlobalSection
	GlobalSection(SolutionProperties) = preSolution
		HideSolutionNode = FALSE
	EndGlobalSection
	GlobalSection(ExtensibilityGlobals) = postSolution
		SolutionGuid = {6FE25EC2-86CF-4706-A8F7-A516982F6B67}
	EndGlobalSection
EndGlobal
